
Microsoft Visual Studio Solution File, Format Version 12.00
# Visual Studio Version 16
VisualStudioVersion = 16.0.30503.244
MinimumVisualStudioVersion = 10.0.40219.1
Project("{FAE04EC0-301F-11D3-BF4B-00C04F79EFBC}") = "FirstWebApp", "FirstWebApp.csproj", "{05CD4A17-8952-4BFA-B549-0EF7C255F9C6}"
EndProject
Global
	GlobalSection(SolutionConfigurationPlatforms) = preSolution
		Debug|Any CPU = Debug|Any CPU
		Release|Any CPU = Release|Any CPU
	EndGlobalSection
	GlobalSection(ProjectConfigurationPlatforms) = postSolution
		{05CD4A17-8952-4BFA-B549-0EF7C255F9C6}.Debug|Any CPU.ActiveCfg = Debug|Any CPU
		{05CD4A17-8952-4BFA-B549-0EF7C255F9C6}.Debug|Any CPU.Build.0 = Debug|Any CPU
		{05CD4A17-8952-4BFA-B549-0EF7C255F9C6}.Release|Any CPU.ActiveCfg = Release|Any CPU
		{05CD4A17-8952-4BFA-B549-0EF7C255F9C6}.Release|Any CPU.Build.0 = Release|Any CPU
	EndGlobalSection
	GlobalSection(SolutionProperties) = preSolution
		HideSolutionNode = FALSE
	EndGlobalSection
	GlobalSection(ExtensibilityGlobals) = postSolution
		SolutionGuid = {05BB3FFC-89FB-4FC6-9385-FA341B46E025}
	EndGlobalSection
EndGlobal
